
Microsoft Visual Studio Solution File, Format Version 12.00
# Visual Studio 15
VisualStudioVersion = 15.0.26430.16
MinimumVisualStudioVersion = 10.0.40219.1
Project("{FAE04EC0-301F-11D3-BF4B-00C04F79EFBC}") = "eikannata", "eikannata\eikannata.csproj", "{DCB3BB31-A26F-4977-A27A-DED5506149F0}"
EndProject
Global
	GlobalSection(SolutionConfigurationPlatforms) = preSolution
		Debug|Any CPU = Debug|Any CPU
		Release|Any CPU = Release|Any CPU
	EndGlobalSection
	GlobalSection(ProjectConfigurationPlatforms) = postSolution
		{DCB3BB31-A26F-4977-A27A-DED5506149F0}.Debug|Any CPU.ActiveCfg = Debug|Any CPU
		{DCB3BB31-A26F-4977-A27A-DED5506149F0}.Debug|Any CPU.Build.0 = Debug|Any CPU
		{DCB3BB31-A26F-4977-A27A-DED5506149F0}.Release|Any CPU.ActiveCfg = Release|Any CPU
		{DCB3BB31-A26F-4977-A27A-DED5506149F0}.Release|Any CPU.Build.0 = Release|Any CPU
	EndGlobalSection
	GlobalSection(SolutionProperties) = preSolution
		HideSolutionNode = FALSE
	EndGlobalSection
EndGlobal
